
Microsoft Visual Studio Solution File, Format Version 12.00
# Visual Studio Version 17
VisualStudioVersion = 17.0.31903.59
MinimumVisualStudioVersion = 10.0.40219.1
Project("{2150E333-8FDC-42A3-9474-1A3956D46DE8}") = "src", "src", "{827E0CD3-B72D-47B6-A68D-7590B98EB39B}"
EndProject
Project("{FAE04EC0-301F-11D3-BF4B-00C04F79EFBC}") = "InTest.Runtime", "src\InTest.Runtime\InTest.Runtime.csproj", "{7B815F2A-BC3D-416E-8D87-8D27D73D088A}"
EndProject
Project("{FAE04EC0-301F-11D3-BF4B-00C04F79EFBC}") = "InTest.Cli", "src\InTest.Cli\InTest.Cli.csproj", "{E48A43B7-BA29-41F1-8DC1-C98B08914795}"
EndProject
Project("{2150E333-8FDC-42A3-9474-1A3956D46DE8}") = "tests", "tests", "{0AB3BF05-4346-4AA6-1389-037BE0695223}"
EndProject
Project("{FAE04EC0-301F-11D3-BF4B-00C04F79EFBC}") = "InTest.Runtime.Tests", "tests\InTest.Runtime.Tests\InTest.Runtime.Tests.csproj", "{6FCF2251-F62A-411F-BE69-AB0F5409C652}"
EndProject
Project("{FAE04EC0-301F-11D3-BF4B-00C04F79EFBC}") = "InTest.Architecture.Tests", "tests\InTest.Architecture.Tests\InTest.Architecture.Tests.csproj", "{D5D96363-5642-4587-9BE9-2CD75DE0E6A3}"
EndProject
Project("{FAE04EC0-301F-11D3-BF4B-00C04F79EFBC}") = "InTest.Cli.Tests", "tests\InTest.Cli.Tests\InTest.Cli.Tests.csproj", "{671D4642-C288-42C2-84C9-0752253F188E}"
EndProject
Project("{FAE04EC0-301F-11D3-BF4B-00C04F79EFBC}") = "InTest.Golden.Tests", "tests\InTest.Golden.Tests\InTest.Golden.Tests.csproj", "{3E79D352-FEE2-4710-9D63-B816D3777A7F}"
EndProject
Project("{2150E333-8FDC-42A3-9474-1A3956D46DE8}") = "samples", "samples", "{5D20AA90-6969-D8BD-9DCD-8634F4692FDA}"
EndProject
Project("{FAE04EC0-301F-11D3-BF4B-00C04F79EFBC}") = "Catalog.Api", "samples\Catalog.Api\Catalog.Api.csproj", "{CE56E05D-C1CE-4603-83A9-DA016EE861DA}"
EndProject
Project("{FAE04EC0-301F-11D3-BF4B-00C04F79EFBC}") = "Orders.Api", "samples\Orders.Api\Orders.Api.csproj", "{CD3965B1-17D1-4030-B978-280B8EAB0840}"
EndProject
Project("{FAE04EC0-301F-11D3-BF4B-00C04F79EFBC}") = "Inventory.Api", "samples\Inventory.Api\Inventory.Api.csproj", "{3FD8CED2-05A0-4FEB-A095-91A7BE7BC788}"
EndProject
Project("{FAE04EC0-301F-11D3-BF4B-00C04F79EFBC}") = "Identity.Server", "samples\Identity.Server\Identity.Server.csproj", "{D2AAF479-B51A-45F6-90D7-4D0596AB4545}"
EndProject
Project("{FAE04EC0-301F-11D3-BF4B-00C04F79EFBC}") = "InTest.Runtime.xUnit", "src\InTest.Runtime.xUnit\InTest.Runtime.xUnit.csproj", "{3633CA71-6A7C-46AE-98A8-EA39BEABC580}"
EndProject
Global
	GlobalSection(SolutionConfigurationPlatforms) = preSolution
		Debug|Any CPU = Debug|Any CPU
		Debug|x64 = Debug|x64
		Debug|x86 = Debug|x86
		Release|Any CPU = Release|Any CPU
		Release|x64 = Release|x64
		Release|x86 = Release|x86
	EndGlobalSection
	GlobalSection(ProjectConfigurationPlatforms) = postSolution
		{7B815F2A-BC3D-416E-8D87-8D27D73D088A}.Debug|Any CPU.ActiveCfg = Debug|Any CPU
		{7B815F2A-BC3D-416E-8D87-8D27D73D088A}.Debug|Any CPU.Build.0 = Debug|Any CPU
		{7B815F2A-BC3D-416E-8D87-8D27D73D088A}.Debug|x64.ActiveCfg = Debug|Any CPU
		{7B815F2A-BC3D-416E-8D87-8D27D73D088A}.Debug|x64.Build.0 = Debug|Any CPU
		{7B815F2A-BC3D-416E-8D87-8D27D73D088A}.Debug|x86.ActiveCfg = Debug|Any CPU
		{7B815F2A-BC3D-416E-8D87-8D27D73D088A}.Debug|x86.Build.0 = Debug|Any CPU
		{7B815F2A-BC3D-416E-8D87-8D27D73D088A}.Release|Any CPU.ActiveCfg = Release|Any CPU
		{7B815F2A-BC3D-416E-8D87-8D27D73D088A}.Release|Any CPU.Build.0 = Release|Any CPU
		{7B815F2A-BC3D-416E-8D87-8D27D73D088A}.Release|x64.ActiveCfg = Release|Any CPU
		{7B815F2A-BC3D-416E-8D87-8D27D73D088A}.Release|x64.Build.0 = Release|Any CPU
		{7B815F2A-BC3D-416E-8D87-8D27D73D088A}.Release|x86.ActiveCfg = Release|Any CPU
		{7B815F2A-BC3D-416E-8D87-8D27D73D088A}.Release|x86.Build.0 = Release|Any CPU
		{E48A43B7-BA29-41F1-8DC1-C98B08914795}.Debug|Any CPU.ActiveCfg = Debug|Any CPU
		{E48A43B7-BA29-41F1-8DC1-C98B08914795}.Debug|Any CPU.Build.0 = Debug|Any CPU
		{E48A43B7-BA29-41F1-8DC1-C98B08914795}.Debug|x64.ActiveCfg = Debug|Any CPU
		{E48A43B7-BA29-41F1-8DC1-C98B08914795}.Debug|x64.Build.0 = Debug|Any CPU
		{E48A43B7-BA29-41F1-8DC1-C98B08914795}.Debug|x86.ActiveCfg = Debug|Any CPU
		{E48A43B7-BA29-41F1-8DC1-C98B08914795}.Debug|x86.Build.0 = Debug|Any CPU
		{E48A43B7-BA29-41F1-8DC1-C98B08914795}.Release|Any CPU.ActiveCfg = Release|Any CPU
		{E48A43B7-BA29-41F1-8DC1-C98B08914795}.Release|Any CPU.Build.0 = Release|Any CPU
		{E48A43B7-BA29-41F1-8DC1-C98B08914795}.Release|x64.ActiveCfg = Release|Any CPU
		{E48A43B7-BA29-41F1-8DC1-C98B08914795}.Release|x64.Build.0 = Release|Any CPU
		{E48A43B7-BA29-41F1-8DC1-C98B08914795}.Release|x86.ActiveCfg = Release|Any CPU
		{E48A43B7-BA29-41F1-8DC1-C98B08914795}.Release|x86.Build.0 = Release|Any CPU
		{6FCF2251-F62A-411F-BE69-AB0F5409C652}.Debug|Any CPU.ActiveCfg = Debug|Any CPU
		{6FCF2251-F62A-411F-BE69-AB0F5409C652}.Debug|Any CPU.Build.0 = Debug|Any CPU
		{6FCF2251-F62A-411F-BE69-AB0F5409C652}.Debug|x64.ActiveCfg = Debug|Any CPU
		{6FCF2251-F62A-411F-BE69-AB0F5409C652}.Debug|x64.Build.0 = Debug|Any CPU
		{6FCF2251-F62A-411F-BE69-AB0F5409C652}.Debug|x86.ActiveCfg = Debug|Any CPU
		{6FCF2251-F62A-411F-BE69-AB0F5409C652}.Debug|x86.Build.0 = Debug|Any CPU
		{6FCF2251-F62A-411F-BE69-AB0F5409C652}.Release|Any CPU.ActiveCfg = Release|Any CPU
		{6FCF2251-F62A-411F-BE69-AB0F5409C652}.Release|Any CPU.Build.0 = Release|Any CPU
		{6FCF2251-F62A-411F-BE69-AB0F5409C652}.Release|x64.ActiveCfg = Release|Any CPU
		{6FCF2251-F62A-411F-BE69-AB0F5409C652}.Release|x64.Build.0 = Release|Any CPU
		{6FCF2251-F62A-411F-BE69-AB0F5409C652}.Release|x86.ActiveCfg = Release|Any CPU
		{6FCF2251-F62A-411F-BE69-AB0F5409C652}.Release|x86.Build.0 = Release|Any CPU
		{D5D96363-5642-4587-9BE9-2CD75DE0E6A3}.Debug|Any CPU.ActiveCfg = Debug|Any CPU
		{D5D96363-5642-4587-9BE9-2CD75DE0E6A3}.Debug|Any CPU.Build.0 = Debug|Any CPU
		{D5D96363-5642-4587-9BE9-2CD75DE0E6A3}.Debug|x64.ActiveCfg = Debug|Any CPU
		{D5D96363-5642-4587-9BE9-2CD75DE0E6A3}.Debug|x64.Build.0 = Debug|Any CPU
		{D5D96363-5642-4587-9BE9-2CD75DE0E6A3}.Debug|x86.ActiveCfg = Debug|Any CPU
		{D5D96363-5642-4587-9BE9-2CD75DE0E6A3}.Debug|x86.Build.0 = Debug|Any CPU
		{D5D96363-5642-4587-9BE9-2CD75DE0E6A3}.Release|Any CPU.ActiveCfg = Release|Any CPU
		{D5D96363-5642-4587-9BE9-2CD75DE0E6A3}.Release|Any CPU.Build.0 = Release|Any CPU
		{D5D96363-5642-4587-9BE9-2CD75DE0E6A3}.Release|x64.ActiveCfg = Release|Any CPU
		{D5D96363-5642-4587-9BE9-2CD75DE0E6A3}.Release|x64.Build.0 = Release|Any CPU
		{D5D96363-5642-4587-9BE9-2CD75DE0E6A3}.Release|x86.ActiveCfg = Release|Any CPU
		{D5D96363-5642-4587-9BE9-2CD75DE0E6A3}.Release|x86.Build.0 = Release|Any CPU
		{671D4642-C288-42C2-84C9-0752253F188E}.Debug|Any CPU.ActiveCfg = Debug|Any CPU
		{671D4642-C288-42C2-84C9-0752253F188E}.Debug|Any CPU.Build.0 = Debug|Any CPU
		{671D4642-C288-42C2-84C9-0752253F188E}.Debug|x64.ActiveCfg = Debug|Any CPU
		{671D4642-C288-42C2-84C9-0752253F188E}.Debug|x64.Build.0 = Debug|Any CPU
		{671D4642-C288-42C2-84C9-0752253F188E}.Debug|x86.ActiveCfg = Debug|Any CPU
		{671D4642-C288-42C2-84C9-0752253F188E}.Debug|x86.Build.0 = Debug|Any CPU
		{671D4642-C288-42C2-84C9-0752253F188E}.Release|Any CPU.ActiveCfg = Release|Any CPU
		{671D4642-C288-42C2-84C9-0752253F188E}.Release|Any CPU.Build.0 = Release|Any CPU
		{671D4642-C288-42C2-84C9-0752253F188E}.Release|x64.ActiveCfg = Release|Any CPU
		{671D4642-C288-42C2-84C9-0752253F188E}.Release|x64.Build.0 = Release|Any CPU
		{671D4642-C288-42C2-84C9-0752253F188E}.Release|x86.ActiveCfg = Release|Any CPU
		{671D4642-C288-42C2-84C9-0752253F188E}.Release|x86.Build.0 = Release|Any CPU
		{3E79D352-FEE2-4710-9D63-B816D3777A7F}.Debug|Any CPU.ActiveCfg = Debug|Any CPU
		{3E79D352-FEE2-4710-9D63-B816D3777A7F}.Debug|Any CPU.Build.0 = Debug|Any CPU
		{3E79D352-FEE2-4710-9D63-B816D3777A7F}.Debug|x64.ActiveCfg = Debug|Any CPU
		{3E79D352-FEE2-4710-9D63-B816D3777A7F}.Debug|x64.Build.0 = Debug|Any CPU
		{3E79D352-FEE2-4710-9D63-B816D3777A7F}.Debug|x86.ActiveCfg = Debug|Any CPU
		{3E79D352-FEE2-4710-9D63-B816D3777A7F}.Debug|x86.Build.0 = Debug|Any CPU
		{3E79D352-FEE2-4710-9D63-B816D3777A7F}.Release|Any CPU.ActiveCfg = Release|Any CPU
		{3E79D352-FEE2-4710-9D63-B816D3777A7F}.Release|Any CPU.Build.0 = Release|Any CPU
		{3E79D352-FEE2-4710-9D63-B816D3777A7F}.Release|x64.ActiveCfg = Release|Any CPU
		{3E79D352-FEE2-4710-9D63-B816D3777A7F}.Release|x64.Build.0 = Release|Any CPU
		{3E79D352-FEE2-4710-9D63-B816D3777A7F}.Release|x86.ActiveCfg = Release|Any CPU
		{3E79D352-FEE2-4710-9D63-B816D3777A7F}.Release|x86.Build.0 = Release|Any CPU
		{CE56E05D-C1CE-4603-83A9-DA016EE861DA}.Debug|Any CPU.ActiveCfg = Debug|Any CPU
		{CE56E05D-C1CE-4603-83A9-DA016EE861DA}.Debug|Any CPU.Build.0 = Debug|Any CPU
		{CE56E05D-C1CE-4603-83A9-DA016EE861DA}.Debug|x64.ActiveCfg = Debug|Any CPU
		{CE56E05D-C1CE-4603-83A9-DA016EE861DA}.Debug|x64.Build.0 = Debug|Any CPU
		{CE56E05D-C1CE-4603-83A9-DA016EE861DA}.Debug|x86.ActiveCfg = Debug|Any CPU
		{CE56E05D-C1CE-4603-83A9-DA016EE861DA}.Debug|x86.Build.0 = Debug|Any CPU
		{CE56E05D-C1CE-4603-83A9-DA016EE861DA}.Release|Any CPU.ActiveCfg = Release|Any CPU
		{CE56E05D-C1CE-4603-83A9-DA016EE861DA}.Release|Any CPU.Build.0 = Release|Any CPU
		{CE56E05D-C1CE-4603-83A9-DA016EE861DA}.Release|x64.ActiveCfg = Release|Any CPU
		{CE56E05D-C1CE-4603-83A9-DA016EE861DA}.Release|x64.Build.0 = Release|Any CPU
		{CE56E05D-C1CE-4603-83A9-DA016EE861DA}.Release|x86.ActiveCfg = Release|Any CPU
		{CE56E05D-C1CE-4603-83A9-DA016EE861DA}.Release|x86.Build.0 = Release|Any CPU
		{CD3965B1-17D1-4030-B978-280B8EAB0840}.Debug|Any CPU.ActiveCfg = Debug|Any CPU
		{CD3965B1-17D1-4030-B978-280B8EAB0840}.Debug|Any CPU.Build.0 = Debug|Any CPU
		{CD3965B1-17D1-4030-B978-280B8EAB0840}.Debug|x64.ActiveCfg = Debug|Any CPU
		{CD3965B1-17D1-4030-B978-280B8EAB0840}.Debug|x64.Build.0 = Debug|Any CPU
		{CD3965B1-17D1-4030-B978-280B8EAB0840}.Debug|x86.ActiveCfg = Debug|Any CPU
		{CD3965B1-17D1-4030-B978-280B8EAB0840}.Debug|x86.Build.0 = Debug|Any CPU
		{CD3965B1-17D1-4030-B978-280B8EAB0840}.Release|Any CPU.ActiveCfg = Release|Any CPU
		{CD3965B1-17D1-4030-B978-280B8EAB0840}.Release|Any CPU.Build.0 = Release|Any CPU
		{CD3965B1-17D1-4030-B978-280B8EAB0840}.Release|x64.ActiveCfg = Release|Any CPU
		{CD3965B1-17D1-4030-B978-280B8EAB0840}.Release|x64.Build.0 = Release|Any CPU
		{CD3965B1-17D1-4030-B978-280B8EAB0840}.Release|x86.ActiveCfg = Release|Any CPU
		{CD3965B1-17D1-4030-B978-280B8EAB0840}.Release|x86.Build.0 = Release|Any CPU
		{3FD8CED2-05A0-4FEB-A095-91A7BE7BC788}.Debug|Any CPU.ActiveCfg = Debug|Any CPU
		{3FD8CED2-05A0-4FEB-A095-91A7BE7BC788}.Debug|Any CPU.Build.0 = Debug|Any CPU
		{3FD8CED2-05A0-4FEB-A095-91A7BE7BC788}.Debug|x64.ActiveCfg = Debug|Any CPU
		{3FD8CED2-05A0-4FEB-A095-91A7BE7BC788}.Debug|x64.Build.0 = Debug|Any CPU
		{3FD8CED2-05A0-4FEB-A095-91A7BE7BC788}.Debug|x86.ActiveCfg = Debug|Any CPU
		{3FD8CED2-05A0-4FEB-A095-91A7BE7BC788}.Debug|x86.Build.0 = Debug|Any CPU
		{3FD8CED2-05A0-4FEB-A095-91A7BE7BC788}.Release|Any CPU.ActiveCfg = Release|Any CPU
		{3FD8CED2-05A0-4FEB-A095-91A7BE7BC788}.Release|Any CPU.Build.0 = Release|Any CPU
		{3FD8CED2-05A0-4FEB-A095-91A7BE7BC788}.Release|x64.ActiveCfg = Release|Any CPU
		{3FD8CED2-05A0-4FEB-A095-91A7BE7BC788}.Release|x64.Build.0 = Release|Any CPU
		{3FD8CED2-05A0-4FEB-A095-91A7BE7BC788}.Release|x86.ActiveCfg = Release|Any CPU
		{3FD8CED2-05A0-4FEB-A095-91A7BE7BC788}.Release|x86.Build.0 = Release|Any CPU
		{D2AAF479-B51A-45F6-90D7-4D0596AB4545}.Debug|Any CPU.ActiveCfg = Debug|Any CPU
		{D2AAF479-B51A-45F6-90D7-4D0596AB4545}.Debug|Any CPU.Build.0 = Debug|Any CPU
		{D2AAF479-B51A-45F6-90D7-4D0596AB4545}.Debug|x64.ActiveCfg = Debug|Any CPU
		{D2AAF479-B51A-45F6-90D7-4D0596AB4545}.Debug|x64.Build.0 = Debug|Any CPU
		{D2AAF479-B51A-45F6-90D7-4D0596AB4545}.Debug|x86.ActiveCfg = Debug|Any CPU
		{D2AAF479-B51A-45F6-90D7-4D0596AB4545}.Debug|x86.Build.0 = Debug|Any CPU
		{D2AAF479-B51A-45F6-90D7-4D0596AB4545}.Release|Any CPU.ActiveCfg = Release|Any CPU
		{D2AAF479-B51A-45F6-90D7-4D0596AB4545}.Release|Any CPU.Build.0 = Release|Any CPU
		{D2AAF479-B51A-45F6-90D7-4D0596AB4545}.Release|x64.ActiveCfg = Release|Any CPU
		{D2AAF479-B51A-45F6-90D7-4D0596AB4545}.Release|x64.Build.0 = Release|Any CPU
		{D2AAF479-B51A-45F6-90D7-4D0596AB4545}.Release|x86.ActiveCfg = Release|Any CPU
		{D2AAF479-B51A-45F6-90D7-4D0596AB4545}.Release|x86.Build.0 = Release|Any CPU
		{3633CA71-6A7C-46AE-98A8-EA39BEABC580}.Debug|Any CPU.ActiveCfg = Debug|Any CPU
		{3633CA71-6A7C-46AE-98A8-EA39BEABC580}.Debug|Any CPU.Build.0 = Debug|Any CPU
		{3633CA71-6A7C-46AE-98A8-EA39BEABC580}.Debug|x64.ActiveCfg = Debug|Any CPU
		{3633CA71-6A7C-46AE-98A8-EA39BEABC580}.Debug|x64.Build.0 = Debug|Any CPU
		{3633CA71-6A7C-46AE-98A8-EA39BEABC580}.Debug|x86.ActiveCfg = Debug|Any CPU
		{3633CA71-6A7C-46AE-98A8-EA39BEABC580}.Debug|x86.Build.0 = Debug|Any CPU
		{3633CA71-6A7C-46AE-98A8-EA39BEABC580}.Release|Any CPU.ActiveCfg = Release|Any CPU
		{3633CA71-6A7C-46AE-98A8-EA39BEABC580}.Release|Any CPU.Build.0 = Release|Any CPU
		{3633CA71-6A7C-46AE-98A8-EA39BEABC580}.Release|x64.ActiveCfg = Release|Any CPU
		{3633CA71-6A7C-46AE-98A8-EA39BEABC580}.Release|x64.Build.0 = Release|Any CPU
		{3633CA71-6A7C-46AE-98A8-EA39BEABC580}.Release|x86.ActiveCfg = Release|Any CPU
		{3633CA71-6A7C-46AE-98A8-EA39BEABC580}.Release|x86.Build.0 = Release|Any CPU
	EndGlobalSection
	GlobalSection(SolutionProperties) = preSolution
		HideSolutionNode = FALSE
	EndGlobalSection
	GlobalSection(NestedProjects) = preSolution
		{7B815F2A-BC3D-416E-8D87-8D27D73D088A} = {827E0CD3-B72D-47B6-A68D-7590B98EB39B}
		{E48A43B7-BA29-41F1-8DC1-C98B08914795} = {827E0CD3-B72D-47B6-A68D-7590B98EB39B}
		{6FCF2251-F62A-411F-BE69-AB0F5409C652} = {0AB3BF05-4346-4AA6-1389-037BE0695223}
		{D5D96363-5642-4587-9BE9-2CD75DE0E6A3} = {0AB3BF05-4346-4AA6-1389-037BE0695223}
		{671D4642-C288-42C2-84C9-0752253F188E} = {0AB3BF05-4346-4AA6-1389-037BE0695223}
		{3E79D352-FEE2-4710-9D63-B816D3777A7F} = {0AB3BF05-4346-4AA6-1389-037BE0695223}
		{CE56E05D-C1CE-4603-83A9-DA016EE861DA} = {5D20AA90-6969-D8BD-9DCD-8634F4692FDA}
		{CD3965B1-17D1-4030-B978-280B8EAB0840} = {5D20AA90-6969-D8BD-9DCD-8634F4692FDA}
		{3FD8CED2-05A0-4FEB-A095-91A7BE7BC788} = {5D20AA90-6969-D8BD-9DCD-8634F4692FDA}
		{D2AAF479-B51A-45F6-90D7-4D0596AB4545} = {5D20AA90-6969-D8BD-9DCD-8634F4692FDA}
		{3633CA71-6A7C-46AE-98A8-EA39BEABC580} = {827E0CD3-B72D-47B6-A68D-7590B98EB39B}
	EndGlobalSection
EndGlobal
